// !$*UTF8*$!
{
	archiveVersion = 1;
	classes = {
	};
	objectVersion = 55;
	objects = {

/* Begin PBXBuildFile section */
		96875F8328607C9A00F0AEC6 /* AppDelegate.swift in Sources */ = {isa = PBXBuildFile; fileRef = 96875F8228607C9A00F0AEC6 /* AppDelegate.swift */; };
		96875F8528607C9A00F0AEC6 /* SceneDelegate.swift in Sources */ = {isa = PBXBuildFile; fileRef = 96875F8428607C9A00F0AEC6 /* SceneDelegate.swift */; };
		96875F8728607C9A00F0AEC6 /* ViewController.swift in Sources */ = {isa = PBXBuildFile; fileRef = 96875F8628607C9A00F0AEC6 /* ViewController.swift */; };
		96875F8A28607C9A00F0AEC6 /* Main.storyboard in Resources */ = {isa = PBXBuildFile; fileRef = 96875F8828607C9A00F0AEC6 /* Main.storyboard */; };
		96875F8D28607C9A00F0AEC6 /* InstaClone.xcdatamodeld in Sources */ = {isa = PBXBuildFile; fileRef = 96875F8B28607C9A00F0AEC6 /* InstaClone.xcdatamodeld */; };
		96875F8F28607CA000F0AEC6 /* Assets.xcassets in Resources */ = {isa = PBXBuildFile; fileRef = 96875F8E28607CA000F0AEC6 /* Assets.xcassets */; };
		96875F9228607CA000F0AEC6 /* LaunchScreen.storyboard in Resources */ = {isa = PBXBuildFile; fileRef = 96875F9028607CA000F0AEC6 /* LaunchScreen.storyboard */; };
		96875F9C28607CD300F0AEC6 /* HomeViewController.swift in Sources */ = {isa = PBXBuildFile; fileRef = 96875F9A28607CD300F0AEC6 /* HomeViewController.swift */; };
		96875F9D28607CD300F0AEC6 /* HomeViewController.xib in Resources */ = {isa = PBXBuildFile; fileRef = 96875F9B28607CD300F0AEC6 /* HomeViewController.xib */; };
		96875FA128607D6600F0AEC6 /* SignInViewController.swift in Sources */ = {isa = PBXBuildFile; fileRef = 96875F9F28607D6600F0AEC6 /* SignInViewController.swift */; };
		96875FA228607D6600F0AEC6 /* SignInViewController.xib in Resources */ = {isa = PBXBuildFile; fileRef = 96875FA028607D6600F0AEC6 /* SignInViewController.xib */; };
		96875FA628607F2100F0AEC6 /* SignUpViewController.swift in Sources */ = {isa = PBXBuildFile; fileRef = 96875FA428607F2100F0AEC6 /* SignUpViewController.swift */; };
		96875FA728607F2100F0AEC6 /* SignUpViewController.xib in Resources */ = {isa = PBXBuildFile; fileRef = 96875FA528607F2100F0AEC6 /* SignUpViewController.xib */; };
		96875FAA286089D700F0AEC6 /* BaseViewController.swift in Sources */ = {isa = PBXBuildFile; fileRef = 96875FA9286089D700F0AEC6 /* BaseViewController.swift */; };
/* End PBXBuildFile section */

/* Begin PBXFileReference section */
		96875F7F28607C9A00F0AEC6 /* InstaClone.app */ = {isa = PBXFileReference; explicitFileType = wrapper.application; includeInIndex = 0; path = InstaClone.app; sourceTree = BUILT_PRODUCTS_DIR; };
		96875F8228607C9A00F0AEC6 /* AppDelegate.swift */ = {isa = PBXFileReference; lastKnownFileType = sourcecode.swift; path = AppDelegate.swift; sourceTree = "<group>"; };
		96875F8428607C9A00F0AEC6 /* SceneDelegate.swift */ = {isa = PBXFileReference; lastKnownFileType = sourcecode.swift; path = SceneDelegate.swift; sourceTree = "<group>"; };
		96875F8628607C9A00F0AEC6 /* ViewController.swift */ = {isa = PBXFileReference; lastKnownFileType = sourcecode.swift; path = ViewController.swift; sourceTree = "<group>"; };
		96875F8928607C9A00F0AEC6 /* Base */ = {isa = PBXFileReference; lastKnownFileType = file.storyboard; name = Base; path = Base.lproj/Main.storyboard; sourceTree = "<group>"; };
		96875F8C28607C9A00F0AEC6 /* InstaClone.xcdatamodel */ = {isa = PBXFileReference; lastKnownFileType = wrapper.xcdatamodel; path = InstaClone.xcdatamodel; sourceTree = "<group>"; };
		96875F8E28607CA000F0AEC6 /* Assets.xcassets */ = {isa = PBXFileReference; lastKnownFileType = folder.assetcatalog; path = Assets.xcassets; sourceTree = "<group>"; };
		96875F9128607CA000F0AEC6 /* Base */ = {isa = PBXFileReference; lastKnownFileType = file.storyboard; name = Base; path = Base.lproj/LaunchScreen.storyboard; sourceTree = "<group>"; };
		96875F9328607CA000F0AEC6 /* Info.plist */ = {isa = PBXFileReference; lastKnownFileType = text.plist.xml; path = Info.plist; sourceTree = "<group>"; };
		96875F9A28607CD300F0AEC6 /* HomeViewController.swift */ = {isa = PBXFileReference; lastKnownFileType = sourcecode.swift; path = HomeViewController.swift; sourceTree = "<group>"; };
		96875F9B28607CD300F0AEC6 /* HomeViewController.xib */ = {isa = PBXFileReference; lastKnownFileType = file.xib; path = HomeViewController.xib; sourceTree = "<group>"; };
		96875F9F28607D6600F0AEC6 /* SignInViewController.swift */ = {isa = PBXFileReference; lastKnownFileType = sourcecode.swift; path = SignInViewController.swift; sourceTree = "<group>"; };
		96875FA028607D6600F0AEC6 /* SignInViewController.xib */ = {isa = PBXFileReference; lastKnownFileType = file.xib; path = SignInViewController.xib; sourceTree = "<group>"; };
		96875FA428607F2100F0AEC6 /* SignUpViewController.swift */ = {isa = PBXFileReference; lastKnownFileType = sourcecode.swift; path = SignUpViewController.swift; sourceTree = "<group>"; };
		96875FA528607F2100F0AEC6 /* SignUpViewController.xib */ = {isa = PBXFileReference; lastKnownFileType = file.xib; path = SignUpViewController.xib; sourceTree = "<group>"; };
		96875FA9286089D700F0AEC6 /* BaseViewController.swift */ = {isa = PBXFileReference; lastKnownFileType = sourcecode.swift; path = BaseViewController.swift; sourceTree = "<group>"; };
/* End PBXFileReference section */

/* Begin PBXFrameworksBuildPhase section */
		96875F7C28607C9A00F0AEC6 /* Frameworks */ = {
			isa = PBXFrameworksBuildPhase;
			buildActionMask = 2147483647;
			files = (
			);
			runOnlyForDeploymentPostprocessing = 0;
		};
/* End PBXFrameworksBuildPhase section */

/* Begin PBXGroup section */
		96875F7628607C9900F0AEC6 = {
			isa = PBXGroup;
			children = (
				96875F8128607C9A00F0AEC6 /* InstaClone */,
				96875F8028607C9A00F0AEC6 /* Products */,
			);
			sourceTree = "<group>";
		};
		96875F8028607C9A00F0AEC6 /* Products */ = {
			isa = PBXGroup;
			children = (
				96875F7F28607C9A00F0AEC6 /* InstaClone.app */,
			);
			name = Products;
			sourceTree = "<group>";
		};
		96875F8128607C9A00F0AEC6 /* InstaClone */ = {
			isa = PBXGroup;
			children = (
				96875FA828607F2D00F0AEC6 /* Controller */,
				96875F9928607CBE00F0AEC6 /* Pages */,
				96875F8228607C9A00F0AEC6 /* AppDelegate.swift */,
				96875F8428607C9A00F0AEC6 /* SceneDelegate.swift */,
				96875F9328607CA000F0AEC6 /* Info.plist */,
				96875F8B28607C9A00F0AEC6 /* InstaClone.xcdatamodeld */,
			);
			path = InstaClone;
			sourceTree = "<group>";
		};
		96875F9928607CBE00F0AEC6 /* Pages */ = {
			isa = PBXGroup;
			children = (
				96875FA9286089D700F0AEC6 /* BaseViewController.swift */,
				96875FA328607F0900F0AEC6 /* SignUp */,
				96875F9E28607D5200F0AEC6 /* SignIn */,
				96875F9A28607CD300F0AEC6 /* HomeViewController.swift */,
				96875F9B28607CD300F0AEC6 /* HomeViewController.xib */,
			);
			path = Pages;
			sourceTree = "<group>";
		};
		96875F9E28607D5200F0AEC6 /* SignIn */ = {
			isa = PBXGroup;
			children = (
				96875F9F28607D6600F0AEC6 /* SignInViewController.swift */,
				96875FA028607D6600F0AEC6 /* SignInViewController.xib */,
			);
			path = SignIn;
			sourceTree = "<group>";
		};
		96875FA328607F0900F0AEC6 /* SignUp */ = {
			isa = PBXGroup;
			children = (
				96875FA428607F2100F0AEC6 /* SignUpViewController.swift */,
				96875FA528607F2100F0AEC6 /* SignUpViewController.xib */,
			);
			path = SignUp;
			sourceTree = "<group>";
		};
		96875FA828607F2D00F0AEC6 /* Controller */ = {
			isa = PBXGroup;
			children = (
				96875F8E28607CA000F0AEC6 /* Assets.xcassets */,
				96875F8628607C9A00F0AEC6 /* ViewController.swift */,
				96875F8828607C9A00F0AEC6 /* Main.storyboard */,
				96875F9028607CA000F0AEC6 /* LaunchScreen.storyboard */,
			);
			path = Controller;
			sourceTree = "<group>";
		};
/* End PBXGroup section */

/* Begin PBXNativeTarget section */
		96875F7E28607C9A00F0AEC6 /* InstaClone */ = {
			isa = PBXNativeTarget;
			buildConfigurationList = 96875F9628607CA000F0AEC6 /* Build configuration list for PBXNativeTarget "InstaClone" */;
			buildPhases = (
				96875F7B28607C9A00F0AEC6 /* Sources */,
				96875F7C28607C9A00F0AEC6 /* Frameworks */,
				96875F7D28607C9A00F0AEC6 /* Resources */,
			);
			buildRules = (
			);
			dependencies = (
			);
			name = InstaClone;
			productName = InstaClone;
			productReference = 96875F7F28607C9A00F0AEC6 /* InstaClone.app */;
			productType = "com.apple.product-type.application";
		};
/* End PBXNativeTarget section */

/* Begin PBXProject section */
		96875F7728607C9900F0AEC6 /* Project object */ = {
			isa = PBXProject;
			attributes = {
				BuildIndependentTargetsInParallel = 1;
				LastSwiftUpdateCheck = 1340;
				LastUpgradeCheck = 1340;
				TargetAttributes = {
					96875F7E28607C9A00F0AEC6 = {
						CreatedOnToolsVersion = 13.4.1;
					};
				};
			};
			buildConfigurationList = 96875F7A28607C9900F0AEC6 /* Build configuration list for PBXProject "InstaClone" */;
			compatibilityVersion = "Xcode 13.0";
			developmentRegion = en;
			hasScannedForEncodings = 0;
			knownRegions = (
				en,
				Base,
			);
			mainGroup = 96875F7628607C9900F0AEC6;
			productRefGroup = 96875F8028607C9A00F0AEC6 /* Products */;
			projectDirPath = "";
			projectRoot = "";
			targets = (
				96875F7E28607C9A00F0AEC6 /* InstaClone */,
			);
		};
/* End PBXProject section */

/* Begin PBXResourcesBuildPhase section */
		96875F7D28607C9A00F0AEC6 /* Resources */ = {
			isa = PBXResourcesBuildPhase;
			buildActionMask = 2147483647;
			files = (
				96875FA228607D6600F0AEC6 /* SignInViewController.xib in Resources */,
				96875F9228607CA000F0AEC6 /* LaunchScreen.storyboard in Resources */,
				96875F8F28607CA000F0AEC6 /* Assets.xcassets in Resources */,
				96875F8A28607C9A00F0AEC6 /* Main.storyboard in Resources */,
				96875FA728607F2100F0AEC6 /* SignUpViewController.xib in Resources */,
				96875F9D28607CD300F0AEC6 /* HomeViewController.xib in Resources */,
			);
			runOnlyForDeploymentPostprocessing = 0;
		};
/* End PBXResourcesBuildPhase section */

/* Begin PBXSourcesBuildPhase section */
		96875F7B28607C9A00F0AEC6 /* Sources */ = {
			isa = PBXSourcesBuildPhase;
			buildActionMask = 2147483647;
			files = (
				96875F9C28607CD300F0AEC6 /* HomeViewController.swift in Sources */,
				96875FA628607F2100F0AEC6 /* SignUpViewController.swift in Sources */,
				96875F8728607C9A00F0AEC6 /* ViewController.swift in Sources */,
				96875FA128607D6600F0AEC6 /* SignInViewController.swift in Sources */,
				96875F8328607C9A00F0AEC6 /* AppDelegate.swift in Sources */,
				96875FAA286089D700F0AEC6 /* BaseViewController.swift in Sources */,
				96875F8528607C9A00F0AEC6 /* SceneDelegate.swift in Sources */,
				96875F8D28607C9A00F0AEC6 /* InstaClone.xcdatamodeld in Sources */,
			);
			runOnlyForDeploymentPostprocessing = 0;
		};
/* End PBXSourcesBuildPhase section */

/* Begin PBXVariantGroup section */
		96875F8828607C9A00F0AEC6 /* Main.storyboard */ = {
			isa = PBXVariantGroup;
			children = (
				96875F8928607C9A00F0AEC6 /* Base */,
			);
			name = Main.storyboard;
			sourceTree = "<group>";
		};
		96875F9028607CA000F0AEC6 /* LaunchScreen.storyboard */ = {
			isa = PBXVariantGroup;
			children = (
				96875F9128607CA000F0AEC6 /* Base */,
			);
			name = LaunchScreen.storyboard;
			sourceTree = "<group>";
		};
/* End PBXVariantGroup section */

/* Begin XCBuildConfiguration section */
		96875F9428607CA000F0AEC6 /* Debug */ = {
			isa = XCBuildConfiguration;
			buildSettings = {
				ALWAYS_SEARCH_USER_PATHS = NO;
				CLANG_ANALYZER_NONNULL = YES;
				CLANG_ANALYZER_NUMBER_OBJECT_CONVERSION = YES_AGGRESSIVE;
				CLANG_CXX_LANGUAGE_STANDARD = "gnu++17";
				CLANG_ENABLE_MODULES = YES;
				CLANG_ENABLE_OBJC_ARC = YES;
				CLANG_ENABLE_OBJC_WEAK = YES;
				CLANG_WARN_BLOCK_CAPTURE_AUTORELEASING = YES;
				CLANG_WARN_BOOL_CONVERSION = YES;
				CLANG_WARN_COMMA = YES;
				CLANG_WARN_CONSTANT_CONVERSION = YES;
				CLANG_WARN_DEPRECATED_OBJC_IMPLEMENTATIONS = YES;
				CLANG_WARN_DIRECT_OBJC_ISA_USAGE = YES_ERROR;
				CLANG_WARN_DOCUMENTATION_COMMENTS = YES;
				CLANG_WARN_EMPTY_BODY = YES;
				CLANG_WARN_ENUM_CONVERSION = YES;
				CLANG_WARN_INFINITE_RECURSION = YES;
				CLANG_WARN_INT_CONVERSION = YES;
				CLANG_WARN_NON_LITERAL_NULL_CONVERSION = YES;
				CLANG_WARN_OBJC_IMPLICIT_RETAIN_SELF = YES;
				CLANG_WARN_OBJC_LITERAL_CONVERSION = YES;
				CLANG_WARN_OBJC_ROOT_CLASS = YES_ERROR;
				CLANG_WARN_QUOTED_INCLUDE_IN_FRAMEWORK_HEADER = YES;
				CLANG_WARN_RANGE_LOOP_ANALYSIS = YES;
				CLANG_WARN_STRICT_PROTOTYPES = YES;
				CLANG_WARN_SUSPICIOUS_MOVE = YES;
				CLANG_WARN_UNGUARDED_AVAILABILITY = YES_AGGRESSIVE;
				CLANG_WARN_UNREACHABLE_CODE = YES;
				CLANG_WARN__DUPLICATE_METHOD_MATCH = YES;
				COPY_PHASE_STRIP = NO;
				DEBUG_INFORMATION_FORMAT = dwarf;
				ENABLE_STRICT_OBJC_MSGSEND = YES;
				ENABLE_TESTABILITY = YES;
				GCC_C_LANGUAGE_STANDARD = gnu11;
				GCC_DYNAMIC_NO_PIC = NO;
				GCC_NO_COMMON_BLOCKS = YES;
				GCC_OPTIMIZATION_LEVEL = 0;
				GCC_PREPROCESSOR_DEFINITIONS = (
					"DEBUG=1",
					"$(inherited)",
				);
				GCC_WARN_64_TO_32_BIT_CONVERSION = YES;
				GCC_WARN_ABOUT_RETURN_TYPE = YES_ERROR;
				GCC_WARN_UNDECLARED_SELECTOR = YES;
				GCC_WARN_UNINITIALIZED_AUTOS = YES_AGGRESSIVE;
				GCC_WARN_UNUSED_FUNCTION = YES;
				GCC_WARN_UNUSED_VARIABLE = YES;
				IPHONEOS_DEPLOYMENT_TARGET = 15.5;
				MTL_ENABLE_DEBUG_INFO = INCLUDE_SOURCE;
				MTL_FAST_MATH = YES;
				ONLY_ACTIVE_ARCH = YES;
				SDKROOT = iphoneos;
				SWIFT_ACTIVE_COMPILATION_CONDITIONS = DEBUG;
				SWIFT_OPTIMIZATION_LEVEL = "-Onone";
			};
			name = Debug;
		};
		96875F9528607CA000F0AEC6 /* Release */ = {
			isa = XCBuildConfiguration;
			buildSettings = {
				ALWAYS_SEARCH_USER_PATHS = NO;
				CLANG_ANALYZER_NONNULL = YES;
				CLANG_ANALYZER_NUMBER_OBJECT_CONVERSION = YES_AGGRESSIVE;
				CLANG_CXX_LANGUAGE_STANDARD = "gnu++17";
				CLANG_ENABLE_MODULES = YES;
				CLANG_ENABLE_OBJC_ARC = YES;
				CLANG_ENABLE_OBJC_WEAK = YES;
				CLANG_WARN_BLOCK_CAPTURE_AUTORELEASING = YES;
				CLANG_WARN_BOOL_CONVERSION = YES;
				CLANG_WARN_COMMA = YES;
				CLANG_WARN_CONSTANT_CONVERSION = YES;
				CLANG_WARN_DEPRECATED_OBJC_IMPLEMENTATIONS = YES;
				CLANG_WARN_DIRECT_OBJC_ISA_USAGE = YES_ERROR;
				CLANG_WARN_DOCUMENTATION_COMMENTS = YES;
				CLANG_WARN_EMPTY_BODY = YES;
				CLANG_WARN_ENUM_CONVERSION = YES;
				CLANG_WARN_INFINITE_RECURSION = YES;
				CLANG_WARN_INT_CONVERSION = YES;
				CLANG_WARN_NON_LITERAL_NULL_CONVERSION = YES;
				CLANG_WARN_OBJC_IMPLICIT_RETAIN_SELF = YES;
				CLANG_WARN_OBJC_LITERAL_CONVERSION = YES;
				CLANG_WARN_OBJC_ROOT_CLASS = YES_ERROR;
				CLANG_WARN_QUOTED_INCLUDE_IN_FRAMEWORK_HEADER = YES;
				CLANG_WARN_RANGE_LOOP_ANALYSIS = YES;
				CLANG_WARN_STRICT_PROTOTYPES = YES;
				CLANG_WARN_SUSPICIOUS_MOVE = YES;
				CLANG_WARN_UNGUARDED_AVAILABILITY = YES_AGGRESSIVE;
				CLANG_WARN_UNREACHABLE_CODE = YES;
				CLANG_WARN__DUPLICATE_METHOD_MATCH = YES;
				COPY_PHASE_STRIP = NO;
				DEBUG_INFORMATION_FORMAT = "dwarf-with-dsym";
				ENABLE_NS_ASSERTIONS = NO;
				ENABLE_STRICT_OBJC_MSGSEND = YES;
				GCC_C_LANGUAGE_STANDARD = gnu11;
				GCC_NO_COMMON_BLOCKS = YES;
				GCC_WARN_64_TO_32_BIT_CONVERSION = YES;
				GCC_WARN_ABOUT_RETURN_TYPE = YES_ERROR;
				GCC_WARN_UNDECLARED_SELECTOR = YES;
				GCC_WARN_UNINITIALIZED_AUTOS = YES_AGGRESSIVE;
				GCC_WARN_UNUSED_FUNCTION = YES;
				GCC_WARN_UNUSED_VARIABLE = YES;
				IPHONEOS_DEPLOYMENT_TARGET = 15.5;
				MTL_ENABLE_DEBUG_INFO = NO;
				MTL_FAST_MATH = YES;
				SDKROOT = iphoneos;
				SWIFT_COMPILATION_MODE = wholemodule;
				SWIFT_OPTIMIZATION_LEVEL = "-O";
				VALIDATE_PRODUCT = YES;
			};
			name = Release;
		};
		96875F9728607CA000F0AEC6 /* Debug */ = {
			isa = XCBuildConfiguration;
			buildSettings = {
				ASSETCATALOG_COMPILER_APPICON_NAME = AppIcon;
				ASSETCATALOG_COMPILER_GLOBAL_ACCENT_COLOR_NAME = AccentColor;
				CODE_SIGN_STYLE = Automatic;
				CURRENT_PROJECT_VERSION = 1;
				GENERATE_INFOPLIST_FILE = YES;
				INFOPLIST_FILE = InstaClone/Info.plist;
				INFOPLIST_KEY_UIApplicationSupportsIndirectInputEvents = YES;
				INFOPLIST_KEY_UILaunchStoryboardName = LaunchScreen;
				INFOPLIST_KEY_UIMainStoryboardFile = Main;
				INFOPLIST_KEY_UISupportedInterfaceOrientations_iPad = "UIInterfaceOrientationPortrait UIInterfaceOrientationPortraitUpsideDown UIInterfaceOrientationLandscapeLeft UIInterfaceOrientationLandscapeRight";
				INFOPLIST_KEY_UISupportedInterfaceOrientations_iPhone = "UIInterfaceOrientationPortrait UIInterfaceOrientationLandscapeLeft UIInterfaceOrientationLandscapeRight";
				LD_RUNPATH_SEARCH_PATHS = (
					"$(inherited)",
					"@executable_path/Frameworks",
				);
				MARKETING_VERSION = 1.0;
				PRODUCT_BUNDLE_IDENTIFIER = Mysolt.InstaClone;
				PRODUCT_NAME = "$(TARGET_NAME)";
				SWIFT_EMIT_LOC_STRINGS = YES;
				SWIFT_VERSION = 5.0;
				TARGETED_DEVICE_FAMILY = "1,2";
			};
			name = Debug;
		};
		96875F9828607CA000F0AEC6 /* Release */ = {
			isa = XCBuildConfiguration;
			buildSettings = {
				ASSETCATALOG_COMPILER_APPICON_NAME = AppIcon;
				ASSETCATALOG_COMPILER_GLOBAL_ACCENT_COLOR_NAME = AccentColor;
				CODE_SIGN_STYLE = Automatic;
				CURRENT_PROJECT_VERSION = 1;
				GENERATE_INFOPLIST_FILE = YES;
				INFOPLIST_FILE = InstaClone/Info.plist;
				INFOPLIST_KEY_UIApplicationSupportsIndirectInputEvents = YES;
				INFOPLIST_KEY_UILaunchStoryboardName = LaunchScreen;
				INFOPLIST_KEY_UIMainStoryboardFile = Main;
				INFOPLIST_KEY_UISupportedInterfaceOrientations_iPad = "UIInterfaceOrientationPortrait UIInterfaceOrientationPortraitUpsideDown UIInterfaceOrientationLandscapeLeft UIInterfaceOrientationLandscapeRight";
				INFOPLIST_KEY_UISupportedInterfaceOrientations_iPhone = "UIInterfaceOrientationPortrait UIInterfaceOrientationLandscapeLeft UIInterfaceOrientationLandscapeRight";
				LD_RUNPATH_SEARCH_PATHS = (
					"$(inherited)",
					"@executable_path/Frameworks",
				);
				MARKETING_VERSION = 1.0;
				PRODUCT_BUNDLE_IDENTIFIER = Mysolt.InstaClone;
				PRODUCT_NAME = "$(TARGET_NAME)";
				SWIFT_EMIT_LOC_STRINGS = YES;
				SWIFT_VERSION = 5.0;
				TARGETED_DEVICE_FAMILY = "1,2";
			};
			name = Release;
		};
/* End XCBuildConfiguration section */

/* Begin XCConfigurationList section */
		96875F7A28607C9900F0AEC6 /* Build configuration list for PBXProject "InstaClone" */ = {
			isa = XCConfigurationList;
			buildConfigurations = (
				96875F9428607CA000F0AEC6 /* Debug */,
				96875F9528607CA000F0AEC6 /* Release */,
			);
			defaultConfigurationIsVisible = 0;
			defaultConfigurationName = Release;
		};
		96875F9628607CA000F0AEC6 /* Build configuration list for PBXNativeTarget "InstaClone" */ = {
			isa = XCConfigurationList;
			buildConfigurations = (
				96875F9728607CA000F0AEC6 /* Debug */,
				96875F9828607CA000F0AEC6 /* Release */,
			);
			defaultConfigurationIsVisible = 0;
			defaultConfigurationName = Release;
		};
/* End XCConfigurationList section */

/* Begin XCVersionGroup section */
		96875F8B28607C9A00F0AEC6 /* InstaClone.xcdatamodeld */ = {
			isa = XCVersionGroup;
			children = (
				96875F8C28607C9A00F0AEC6 /* InstaClone.xcdatamodel */,
			);
			currentVersion = 96875F8C28607C9A00F0AEC6 /* InstaClone.xcdatamodel */;
			path = InstaClone.xcdatamodeld;
			sourceTree = "<group>";
			versionGroupType = wrapper.xcdatamodel;
		};
/* End XCVersionGroup section */
	};
	rootObject = 96875F7728607C9900F0AEC6 /* Project object */;
}
